
Microsoft Visual Studio Solution File, Format Version 12.00
# Visual Studio Version 16
VisualStudioVersion = 16.0.29926.136
MinimumVisualStudioVersion = 10.0.40219.1
Project("{FAE04EC0-301F-11D3-BF4B-00C04F79EFBC}") = "lab_2", "lab_2.csproj", "{3D2D2175-04A9-40DC-8B57-E7D9CD597186}"
EndProject
Project("{FAE04EC0-301F-11D3-BF4B-00C04F79EFBC}") = "CRUD_lib", "..\CRUD_lib\CRUD_lib.csproj", "{DE08BE58-9417-4F79-827F-CFF94888502B}"
EndProject
Global
	GlobalSection(SolutionConfigurationPlatforms) = preSolution
		Debug|Any CPU = Debug|Any CPU
		Release|Any CPU = Release|Any CPU
	EndGlobalSection
	GlobalSection(ProjectConfigurationPlatforms) = postSolution
		{3D2D2175-04A9-40DC-8B57-E7D9CD597186}.Debug|Any CPU.ActiveCfg = Debug|Any CPU
		{3D2D2175-04A9-40DC-8B57-E7D9CD597186}.Debug|Any CPU.Build.0 = Debug|Any CPU
		{3D2D2175-04A9-40DC-8B57-E7D9CD597186}.Release|Any CPU.ActiveCfg = Release|Any CPU
		{3D2D2175-04A9-40DC-8B57-E7D9CD597186}.Release|Any CPU.Build.0 = Release|Any CPU
		{DE08BE58-9417-4F79-827F-CFF94888502B}.Debug|Any CPU.ActiveCfg = Debug|Any CPU
		{DE08BE58-9417-4F79-827F-CFF94888502B}.Debug|Any CPU.Build.0 = Debug|Any CPU
		{DE08BE58-9417-4F79-827F-CFF94888502B}.Release|Any CPU.ActiveCfg = Release|Any CPU
		{DE08BE58-9417-4F79-827F-CFF94888502B}.Release|Any CPU.Build.0 = Release|Any CPU
	EndGlobalSection
	GlobalSection(SolutionProperties) = preSolution
		HideSolutionNode = FALSE
	EndGlobalSection
	GlobalSection(ExtensibilityGlobals) = postSolution
		SolutionGuid = {06D18F48-E523-4F76-AA63-D2F765364B5F}
	EndGlobalSection
EndGlobal
